
Microsoft Visual Studio Solution File, Format Version 12.00
# Visual Studio 15
VisualStudioVersion = 15.0.28307.168
MinimumVisualStudioVersion = 10.0.40219.1
Project("{FAE04EC0-301F-11D3-BF4B-00C04F79EFBC}") = "Zoo", "Zoo\Zoo.csproj", "{F1CFB3E3-D08F-40C8-A9E0-FC61F93E4FA6}"
EndProject
Global
	GlobalSection(SolutionConfigurationPlatforms) = preSolution
		Debug|Any CPU = Debug|Any CPU
		Release|Any CPU = Release|Any CPU
	EndGlobalSection
	GlobalSection(ProjectConfigurationPlatforms) = postSolution
		{F1CFB3E3-D08F-40C8-A9E0-FC61F93E4FA6}.Debug|Any CPU.ActiveCfg = Debug|Any CPU
		{F1CFB3E3-D08F-40C8-A9E0-FC61F93E4FA6}.Debug|Any CPU.Build.0 = Debug|Any CPU
		{F1CFB3E3-D08F-40C8-A9E0-FC61F93E4FA6}.Release|Any CPU.ActiveCfg = Release|Any CPU
		{F1CFB3E3-D08F-40C8-A9E0-FC61F93E4FA6}.Release|Any CPU.Build.0 = Release|Any CPU
	EndGlobalSection
	GlobalSection(SolutionProperties) = preSolution
		HideSolutionNode = FALSE
	EndGlobalSection
	GlobalSection(ExtensibilityGlobals) = postSolution
		SolutionGuid = {55CF974C-C66C-4733-B450-A9445B470C4C}
	EndGlobalSection
EndGlobal
